# THIS IS AN AUTOGENERATED FILE. DO NOT EDIT THIS FILE DIRECTLY.
# yarn lockfile v1


"@discordjs/builders@^0.8.1":
  "integrity" "sha512-/YRd11SrcluqXkKppq/FAVzLIPRVlIVmc6X8ZklspzMIHDtJ+A4W37D43SHvLdH//+NnK+SHW/WeOF4Ts54PeQ=="
  "resolved" "https://registry.npmjs.org/@discordjs/builders/-/builders-0.8.2.tgz"
  "version" "0.8.2"
  dependencies:
    "@sindresorhus/is" "^4.2.0"
    "discord-api-types" "^0.24.0"
    "ow" "^0.27.0"
    "ts-mixer" "^6.0.0"
    "tslib" "^2.3.1"

"@discordjs/collection@^0.3.2":
  "integrity" "sha512-dMjLl60b2DMqObbH1MQZKePgWhsNe49XkKBZ0W5Acl5uVV43SN414i2QfZwRI7dXAqIn8pEWD2+XXQFn9KWxqg=="
  "resolved" "https://registry.npmjs.org/@discordjs/collection/-/collection-0.3.2.tgz"
  "version" "0.3.2"

"@discordjs/form-data@^3.0.1":
  "integrity" "sha512-ZfFsbgEXW71Rw/6EtBdrP5VxBJy4dthyC0tpQKGKmYFImlmmrykO14Za+BiIVduwjte0jXEBlhSKf0MWbFp9Eg=="
  "resolved" "https://registry.npmjs.org/@discordjs/form-data/-/form-data-3.0.1.tgz"
  "version" "3.0.1"
  dependencies:
    "asynckit" "^0.4.0"
    "combined-stream" "^1.0.8"
    "mime-types" "^2.1.12"

"@discordjs/voice@^0.7.5":
  "integrity" "sha512-lUk+CmIXNKslT6DkC9IF9rpsqhzlTiedauUCPBzepjd4XWxwBZiyVIzR6QpbAirxkAwCoAbbje+3Ho71PGLEAw=="
  "resolved" "https://registry.npmjs.org/@discordjs/voice/-/voice-0.7.5.tgz"
  "version" "0.7.5"
  dependencies:
    "@types/ws" "^8.2.0"
    "discord-api-types" "^0.24.0"
    "prism-media" "^1.3.2"
    "tiny-typed-emitter" "^2.1.0"
    "tslib" "^2.3.1"
    "ws" "^8.2.3"

"@sapphire/async-queue@^1.1.8":
  "integrity" "sha512-CbXaGwwlEMq+l1TRu01FJCvySJ1CEFKFclHT48nIfNeZXaAAmmwwy7scUKmYHPUa3GhoMp6Qr1B3eAJux6XgOQ=="
  "resolved" "https://registry.npmjs.org/@sapphire/async-queue/-/async-queue-1.1.9.tgz"
  "version" "1.1.9"

"@sindresorhus/is@^4.0.1", "@sindresorhus/is@^4.2.0":
  "integrity" "sha512-VkE3KLBmJwcCaVARtQpfuKcKv8gcBmUubrfHGF84dXuuW6jgsRYxPtzcIhPyK9WAPpRt2/xY6zkD9MnRaJzSyw=="
  "resolved" "https://registry.npmjs.org/@sindresorhus/is/-/is-4.2.0.tgz"
  "version" "4.2.0"

"@types/node-fetch@^2.5.12":
  "integrity" "sha512-MKgC4dlq4kKNa/mYrwpKfzQMB5X3ee5U6fSprkKpToBqBmX4nFZL9cW5jl6sWn+xpRJ7ypWh2yyqqr8UUCstSw=="
  "resolved" "https://registry.npmjs.org/@types/node-fetch/-/node-fetch-2.5.12.tgz"
  "version" "2.5.12"
  dependencies:
    "@types/node" "*"
    "form-data" "^3.0.0"

"@types/node@*":
  "integrity" "sha512-KB0sixD67CeecHC33MYn+eYARkqTheIRNuu97y2XMjR7Wu3XibO1vaY6VBV6O/a89SPI81cEUIYT87UqUWlZNw=="
  "resolved" "https://registry.npmjs.org/@types/node/-/node-16.11.11.tgz"
  "version" "16.11.11"

"@types/ws@^8.2.0":
  "integrity" "sha512-SqQ+LhVZaJi7c7sYVkjWALDigi/Wy7h7Iu72gkQp8Y8OWw/DddEVBrTSKu86pQftV2+Gm8lYM61hadPKqyaIeg=="
  "resolved" "https://registry.npmjs.org/@types/ws/-/ws-8.2.1.tgz"
  "version" "8.2.1"
  dependencies:
    "@types/node" "*"

"ansi-regex@^2.1.1":
  "integrity" "sha1-w7M6te42DYbg5ijwRorn7yfWVN8="
  "resolved" "https://registry.npmjs.org/ansi-regex/-/ansi-regex-2.1.1.tgz"
  "version" "2.1.1"

"ansi-regex@^3.0.0":
  "integrity" "sha1-7QMXwyIGT3lGbAKWa922Bas32Zg="
  "resolved" "https://registry.npmjs.org/ansi-regex/-/ansi-regex-3.0.0.tgz"
  "version" "3.0.0"

"async.parallellimit@~0.5.2":
  "integrity" "sha1-v9y/Lwgy8f/0wLM1S09jIGY91R8="
  "resolved" "https://registry.npmjs.org/async.parallellimit/-/async.parallellimit-0.5.2.tgz"
  "version" "0.5.2"
  dependencies:
    "async.util.eachoflimit" "0.5.2"
    "async.util.parallel" "0.5.2"

"async.util.eachoflimit@0.5.2":
  "integrity" "sha1-i4y4z7AniqXOtQqPgAwcJmjbV+8="
  "resolved" "https://registry.npmjs.org/async.util.eachoflimit/-/async.util.eachoflimit-0.5.2.tgz"
  "version" "0.5.2"
  dependencies:
    "async.util.keyiterator" "0.5.2"
    "async.util.noop" "0.5.2"
    "async.util.once" "0.5.2"
    "async.util.onlyonce" "0.5.2"

"async.util.isarray@0.5.2":
  "integrity" "sha1-5i2sjyY29lh13PdSHC0k0N+yu98="
  "resolved" "https://registry.npmjs.org/async.util.isarray/-/async.util.isarray-0.5.2.tgz"
  "version" "0.5.2"

"async.util.isarraylike@0.5.2":
  "integrity" "sha1-jn+H2pFB8vCZboBAR30NTv4/UPg="
  "resolved" "https://registry.npmjs.org/async.util.isarraylike/-/async.util.isarraylike-0.5.2.tgz"
  "version" "0.5.2"
  dependencies:
    "async.util.isarray" "0.5.2"

"async.util.keyiterator@0.5.2":
  "integrity" "sha1-M55s6PidAAQz+3gU4ico8/F1CQ0="
  "resolved" "https://registry.npmjs.org/async.util.keyiterator/-/async.util.keyiterator-0.5.2.tgz"
  "version" "0.5.2"
  dependencies:
    "async.util.isarraylike" "0.5.2"
    "async.util.keys" "0.5.2"

"async.util.keys@0.5.2":
  "integrity" "sha1-XDTd2KPtt6eIPJtf4hJngbIJivY="
  "resolved" "https://registry.npmjs.org/async.util.keys/-/async.util.keys-0.5.2.tgz"
  "version" "0.5.2"

"async.util.noop@0.5.2":
  "integrity" "sha1-vdYrl8sKo/YLWGrRSEaGmJdeWLk="
  "resolved" "https://registry.npmjs.org/async.util.noop/-/async.util.noop-0.5.2.tgz"
  "version" "0.5.2"

"async.util.once@0.5.2":
  "integrity" "sha1-FFPLdATK0IImlPq6vEepblyqchY="
  "resolved" "https://registry.npmjs.org/async.util.once/-/async.util.once-0.5.2.tgz"
  "version" "0.5.2"

"async.util.onlyonce@0.5.2":
  "integrity" "sha1-uOb8AErckjFk154y8oE+5GXCT/I="
  "resolved" "https://registry.npmjs.org/async.util.onlyonce/-/async.util.onlyonce-0.5.2.tgz"
  "version" "0.5.2"

"async.util.parallel@0.5.2":
  "integrity" "sha1-IzUk49b6/9XplddUdrjZJPloCM0="
  "resolved" "https://registry.npmjs.org/async.util.parallel/-/async.util.parallel-0.5.2.tgz"
  "version" "0.5.2"
  dependencies:
    "async.util.isarraylike" "0.5.2"
    "async.util.noop" "0.5.2"
    "async.util.restparam" "0.5.2"

"async.util.restparam@0.5.2":
  "integrity" "sha1-A+/r88Ane5ciDlJaunUPXgT8gM0="
  "resolved" "https://registry.npmjs.org/async.util.restparam/-/async.util.restparam-0.5.2.tgz"
  "version" "0.5.2"

"asynckit@^0.4.0":
  "integrity" "sha1-x57Zf380y48robyXkLzDZkdLS3k="
  "resolved" "https://registry.npmjs.org/asynckit/-/asynckit-0.4.0.tgz"
  "version" "0.4.0"

"balanced-match@^1.0.0":
  "integrity" "sha512-3oSeUO0TMV67hN1AmbXsK4yaqU7tjiHlbxRDZOpH0KW9+CeX4bRAaX0Anxt0tx2MrpRpWwQaPwIlISEJhYU5Pw=="
  "resolved" "https://registry.npmjs.org/balanced-match/-/balanced-match-1.0.2.tgz"
  "version" "1.0.2"

"boolbase@^1.0.0":
  "integrity" "sha1-aN/1++YMUes3cl6p4+0xDcwed24="
  "resolved" "https://registry.npmjs.org/boolbase/-/boolbase-1.0.0.tgz"
  "version" "1.0.0"

"boolstring@~1.0.2":
  "integrity" "sha512-0JLNSmZUv1m/O8sVayFm2t0naiOXwQ9O2Gq9u1eoIkhvu6U5NQER/e3k4BGpjZ33G775lWMT7TzJ7r5VtmEnbQ=="
  "resolved" "https://registry.npmjs.org/boolstring/-/boolstring-1.0.2.tgz"
  "version" "1.0.2"

"brace-expansion@^1.1.7":
  "integrity" "sha512-iCuPHDFgrHX7H2vEI/5xpz07zSHB00TpugqhmYtVmMO6518mCuRMoOYFldEBl0g187ufozdaHgWKcYFb61qGiA=="
  "resolved" "https://registry.npmjs.org/brace-expansion/-/brace-expansion-1.1.11.tgz"
  "version" "1.1.11"
  dependencies:
    "balanced-match" "^1.0.0"
    "concat-map" "0.0.1"

"callsites@^3.1.0":
  "integrity" "sha512-P8BjAsXvZS+VIDUI11hHCQEv74YT67YUi5JJFNWIqL235sBmjX4+qx9Muvls5ivyNENctx46xQLQ3aTuE7ssaQ=="
  "resolved" "https://registry.npmjs.org/callsites/-/callsites-3.1.0.tgz"
  "version" "3.1.0"

"cheerio-select@^1.5.0":
  "integrity" "sha512-qocaHPv5ypefh6YNxvnbABM07KMxExbtbfuJoIie3iZXX1ERwYmJcIiRrr9H05ucQP1k28dav8rpdDgjQd8drg=="
  "resolved" "https://registry.npmjs.org/cheerio-select/-/cheerio-select-1.5.0.tgz"
  "version" "1.5.0"
  dependencies:
    "css-select" "^4.1.3"
    "css-what" "^5.0.1"
    "domelementtype" "^2.2.0"
    "domhandler" "^4.2.0"
    "domutils" "^2.7.0"

"cheerio@^1.0.0-rc.10":
  "integrity" "sha512-g0J0q/O6mW8z5zxQ3A8E8J1hUgp4SMOvEoW/x84OwyHKe/Zccz83PVT4y5Crcr530FV6NgmKI1qvGTKVl9XXVw=="
  "resolved" "https://registry.npmjs.org/cheerio/-/cheerio-1.0.0-rc.10.tgz"
  "version" "1.0.0-rc.10"
  dependencies:
    "cheerio-select" "^1.5.0"
    "dom-serializer" "^1.3.2"
    "domhandler" "^4.2.0"
    "htmlparser2" "^6.1.0"
    "parse5" "^6.0.1"
    "parse5-htmlparser2-tree-adapter" "^6.0.1"
    "tslib" "^2.2.0"

"cli-color@~1.2.0":
  "integrity" "sha1-OlrnT9drYmevZm5p4q+70B3vNNE="
  "resolved" "https://registry.npmjs.org/cli-color/-/cli-color-1.2.0.tgz"
  "version" "1.2.0"
  dependencies:
    "ansi-regex" "^2.1.1"
    "d" "1"
    "es5-ext" "^0.10.12"
    "es6-iterator" "2"
    "memoizee" "^0.4.3"
    "timers-ext" "0.1"

"combined-stream@^1.0.8":
  "integrity" "sha512-FQN4MRfuJeHf7cBbBMJFXhKSDq+2kAArBlmRBvcvFE5BB1HZKXtSFASDhdlz9zOYwxh8lDdnvmMOe/+5cdoEdg=="
  "resolved" "https://registry.npmjs.org/combined-stream/-/combined-stream-1.0.8.tgz"
  "version" "1.0.8"
  dependencies:
    "delayed-stream" "~1.0.0"

"concat-map@0.0.1":
  "integrity" "sha1-2Klr13/Wjfd5OnMDajug1UBdR3s="
  "resolved" "https://registry.npmjs.org/concat-map/-/concat-map-0.0.1.tgz"
  "version" "0.0.1"

"css-select@^4.1.3":
  "integrity" "sha512-/aUslKhzkTNCQUB2qTX84lVmfia9NyjP3WpDGtj/WxhwBzWBYUV3DgUpurHTme8UTPcPlAD1DJ+b0nN/t50zDQ=="
  "resolved" "https://registry.npmjs.org/css-select/-/css-select-4.2.1.tgz"
  "version" "4.2.1"
  dependencies:
    "boolbase" "^1.0.0"
    "css-what" "^5.1.0"
    "domhandler" "^4.3.0"
    "domutils" "^2.8.0"
    "nth-check" "^2.0.1"

"css-what@^5.0.1", "css-what@^5.1.0":
  "integrity" "sha512-arSMRWIIFY0hV8pIxZMEfmMI47Wj3R/aWpZDDxWYCPEiOMv6tfOrnpDtgxBYPEQD4V0Y/958+1TdC3iWTFcUPw=="
  "resolved" "https://registry.npmjs.org/css-what/-/css-what-5.1.0.tgz"
  "version" "5.1.0"

"d@^1.0.1", "d@1":
  "integrity" "sha512-m62ShEObQ39CfralilEQRjH6oAMtNCV1xJyEx5LpRYUVN+EviphDgUc/F3hnYbADmkiNs67Y+3ylmlG7Lnu+FA=="
  "resolved" "https://registry.npmjs.org/d/-/d-1.0.1.tgz"
  "version" "1.0.1"
  dependencies:
    "es5-ext" "^0.10.50"
    "type" "^1.0.1"

"dasu@~0.4.2":
  "integrity" "sha512-3iZKDAKqv0APFwpqP40gpro5msM+pwhQN7IhB42mjbL1W4M2V6A+MJy7RhA8y6lUM+1mQoLls3OePidmzVbncQ=="
  "resolved" "https://registry.npmjs.org/dasu/-/dasu-0.4.2.tgz"
  "version" "0.4.2"

"delayed-stream@~1.0.0":
  "integrity" "sha1-3zrhmayt+31ECqrgsp4icrJOxhk="
  "resolved" "https://registry.npmjs.org/delayed-stream/-/delayed-stream-1.0.0.tgz"
  "version" "1.0.0"

"discord-api-types@^0.24.0":
  "integrity" "sha512-X0uA2a92cRjowUEXpLZIHWl4jiX1NsUpDhcEOpa1/hpO1vkaokgZ8kkPtPih9hHth5UVQ3mHBu/PpB4qjyfJ4A=="
  "resolved" "https://registry.npmjs.org/discord-api-types/-/discord-api-types-0.24.0.tgz"
  "version" "0.24.0"

"discord.js@^13.3.1":
  "integrity" "sha512-zn4G8tL5+tMV00+0aSsVYNYcIfMSdT2g0nudKny+Ikd+XKv7m6bqI7n3Vji0GIRqXDr5ArPaw+iYFM2I1Iw3vg=="
  "resolved" "https://registry.npmjs.org/discord.js/-/discord.js-13.3.1.tgz"
  "version" "13.3.1"
  dependencies:
    "@discordjs/builders" "^0.8.1"
    "@discordjs/collection" "^0.3.2"
    "@discordjs/form-data" "^3.0.1"
    "@sapphire/async-queue" "^1.1.8"
    "@types/node-fetch" "^2.5.12"
    "@types/ws" "^8.2.0"
    "discord-api-types" "^0.24.0"
    "node-fetch" "^2.6.1"
    "ws" "^8.2.3"

"dom-serializer@^1.0.1", "dom-serializer@^1.3.2":
  "integrity" "sha512-5c54Bk5Dw4qAxNOI1pFEizPSjVsx5+bpJKmL2kPn8JhBUq2q09tTCa3mjijun2NfK78NMouDYNMBkOrPZiS+ig=="
  "resolved" "https://registry.npmjs.org/dom-serializer/-/dom-serializer-1.3.2.tgz"
  "version" "1.3.2"
  dependencies:
    "domelementtype" "^2.0.1"
    "domhandler" "^4.2.0"
    "entities" "^2.0.0"

"domelementtype@^2.0.1", "domelementtype@^2.2.0":
  "integrity" "sha512-DtBMo82pv1dFtUmHyr48beiuq792Sxohr+8Hm9zoxklYPfa6n0Z3Byjj2IV7bmr2IyqClnqEQhfgHJJ5QF0R5A=="
  "resolved" "https://registry.npmjs.org/domelementtype/-/domelementtype-2.2.0.tgz"
  "version" "2.2.0"

"domhandler@^4.0.0", "domhandler@^4.2.0", "domhandler@^4.3.0":
  "integrity" "sha512-fC0aXNQXqKSFTr2wDNZDhsEYjCiYsDWl3D01kwt25hm1YIPyDGHvvi3rw+PLqHAl/m71MaiF7d5zvBr0p5UB2g=="
  "resolved" "https://registry.npmjs.org/domhandler/-/domhandler-4.3.0.tgz"
  "version" "4.3.0"
  dependencies:
    "domelementtype" "^2.2.0"

"domutils@^2.5.2", "domutils@^2.7.0", "domutils@^2.8.0":
  "integrity" "sha512-w96Cjofp72M5IIhpjgobBimYEfoPjx1Vx0BSX9P30WBdZW2WIKU0T1Bd0kz2eNZ9ikjKgHbEyKx8BB6H1L3h3A=="
  "resolved" "https://registry.npmjs.org/domutils/-/domutils-2.8.0.tgz"
  "version" "2.8.0"
  dependencies:
    "dom-serializer" "^1.0.1"
    "domelementtype" "^2.2.0"
    "domhandler" "^4.2.0"

"dot-prop@^6.0.1":
  "integrity" "sha512-tE7ztYzXHIeyvc7N+hR3oi7FIbf/NIjVP9hmAt3yMXzrQ072/fpjGLx2GxNxGxUl5V73MEqYzioOMoVhGMJ5cA=="
  "resolved" "https://registry.npmjs.org/dot-prop/-/dot-prop-6.0.1.tgz"
  "version" "6.0.1"
  dependencies:
    "is-obj" "^2.0.0"

"dotenv@^10.0.0":
  "integrity" "sha512-rlBi9d8jpv9Sf1klPjNfFAuWDjKLwTIJJ/VxtoTwIR6hnZxcEOQCZg2oIL3MWBYw5GpUDKOEnND7LXTbIpQ03Q=="
  "resolved" "https://registry.npmjs.org/dotenv/-/dotenv-10.0.0.tgz"
  "version" "10.0.0"

"entities@^2.0.0":
  "integrity" "sha512-p92if5Nz619I0w+akJrLZH0MX0Pb5DX39XOwQTtXSdQQOaYH03S1uIQp4mhOZtAXrxq4ViO67YTiLBo2638o9A=="
  "resolved" "https://registry.npmjs.org/entities/-/entities-2.2.0.tgz"
  "version" "2.2.0"

"es5-ext@^0.10.12", "es5-ext@^0.10.35", "es5-ext@^0.10.46", "es5-ext@^0.10.50", "es5-ext@^0.10.53", "es5-ext@~0.10.14", "es5-ext@~0.10.2", "es5-ext@~0.10.46":
  "integrity" "sha512-Xs2Stw6NiNHWypzRTY1MtaG/uJlwCk8kH81920ma8mvN8Xq1gsfhZvpkImLQArw8AHnv8MT2I45J3c0R8slE+Q=="
  "resolved" "https://registry.npmjs.org/es5-ext/-/es5-ext-0.10.53.tgz"
  "version" "0.10.53"
  dependencies:
    "es6-iterator" "~2.0.3"
    "es6-symbol" "~3.1.3"
    "next-tick" "~1.0.0"

"es6-iterator@^2.0.3", "es6-iterator@~2.0.3", "es6-iterator@2":
  "integrity" "sha1-p96IkUGgWpSwhUQDstCg+/qY87c="
  "resolved" "https://registry.npmjs.org/es6-iterator/-/es6-iterator-2.0.3.tgz"
  "version" "2.0.3"
  dependencies:
    "d" "1"
    "es5-ext" "^0.10.35"
    "es6-symbol" "^3.1.1"

"es6-symbol@^3.1.1", "es6-symbol@~3.1.3":
  "integrity" "sha512-NJ6Yn3FuDinBaBRWl/q5X/s4koRHBrgKAu+yGI6JCBeiu3qrcbJhwT2GeR/EXVfylRk8dpQVJoLEFhK+Mu31NA=="
  "resolved" "https://registry.npmjs.org/es6-symbol/-/es6-symbol-3.1.3.tgz"
  "version" "3.1.3"
  dependencies:
    "d" "^1.0.1"
    "ext" "^1.1.2"

"es6-weak-map@^2.0.3":
  "integrity" "sha512-p5um32HOTO1kP+w7PRnB+5lQ43Z6muuMuIMffvDN8ZB4GcnjLBV6zGStpbASIMk4DCAvEaamhe2zhyCb/QXXsA=="
  "resolved" "https://registry.npmjs.org/es6-weak-map/-/es6-weak-map-2.0.3.tgz"
  "version" "2.0.3"
  dependencies:
    "d" "1"
    "es5-ext" "^0.10.46"
    "es6-iterator" "^2.0.3"
    "es6-symbol" "^3.1.1"

"event-emitter@^0.3.5":
  "integrity" "sha1-34xp7vFkeSPHFXuc6DhAYQsCzDk="
  "resolved" "https://registry.npmjs.org/event-emitter/-/event-emitter-0.3.5.tgz"
  "version" "0.3.5"
  dependencies:
    "d" "1"
    "es5-ext" "~0.10.14"

"ext@^1.1.2":
  "integrity" "sha512-sdBImtzkq2HpkdRLtlLWDa6w4DX22ijZLKx8BMPUuKe1c5lbN6xwQDQCxSfxBQnHZ13ls/FH0MQZx/q/gr6FQg=="
  "resolved" "https://registry.npmjs.org/ext/-/ext-1.6.0.tgz"
  "version" "1.6.0"
  dependencies:
    "type" "^2.5.0"

"ffmpeg@^0.0.4":
  "integrity" "sha1-HEYN+OfaUSf2LO70v6BsWciWMMs="
  "resolved" "https://registry.npmjs.org/ffmpeg/-/ffmpeg-0.0.4.tgz"
  "version" "0.0.4"
  dependencies:
    "when" ">= 0.0.1"

"form-data@^3.0.0":
  "integrity" "sha512-RHkBKtLWUVwd7SqRIvCZMEvAMoGUp0XU+seQiZejj0COz3RI3hWP4sCv3gZWWLjJTd7rGwcsF5eKZGii0r/hbg=="
  "resolved" "https://registry.npmjs.org/form-data/-/form-data-3.0.1.tgz"
  "version" "3.0.1"
  dependencies:
    "asynckit" "^0.4.0"
    "combined-stream" "^1.0.8"
    "mime-types" "^2.1.12"

"fs@*":
  "integrity" "sha1-invTcYa23d84E/I4WLV+yq9eQdQ="
  "resolved" "https://registry.npmjs.org/fs/-/fs-0.0.1-security.tgz"
  "version" "0.0.1-security"

"htmlparser2@^6.1.0":
  "integrity" "sha512-gyyPk6rgonLFEDGoeRgQNaEUvdJ4ktTmmUh/h2t7s+M8oPpIPxgNACWa+6ESR57kXstwqPiCut0V8NRpcwgU7A=="
  "resolved" "https://registry.npmjs.org/htmlparser2/-/htmlparser2-6.1.0.tgz"
  "version" "6.1.0"
  dependencies:
    "domelementtype" "^2.0.1"
    "domhandler" "^4.0.0"
    "domutils" "^2.5.2"
    "entities" "^2.0.0"

"human-time@0.0.2":
  "integrity" "sha512-sbYI90YhYmstslPTb70BLGjy6mdESa0lxL7uDR4fIVAx9Iobz8fLEqi7FqF4Q/6vblrzZALg//MsYJlIPBU8SA=="
  "resolved" "https://registry.npmjs.org/human-time/-/human-time-0.0.2.tgz"
  "version" "0.0.2"

"is-fullwidth-code-point@^2.0.0":
  "integrity" "sha1-o7MKXE8ZkYMWeqq5O+764937ZU8="
  "resolved" "https://registry.npmjs.org/is-fullwidth-code-point/-/is-fullwidth-code-point-2.0.0.tgz"
  "version" "2.0.0"

"is-obj@^2.0.0":
  "integrity" "sha512-drqDG3cbczxxEJRoOXcOjtdp1J/lyp1mNn0xaznRs8+muBhgQcrnbspox5X5fOw0HnMnbfDzvnEMEtqDEJEo8w=="
  "resolved" "https://registry.npmjs.org/is-obj/-/is-obj-2.0.0.tgz"
  "version" "2.0.0"

"is-promise@^2.2.2":
  "integrity" "sha512-+lP4/6lKUBfQjZ2pdxThZvLUAafmZb8OAxFb8XXtiQmS35INgr85hdOGoEs124ez1FCnZJt6jau/T+alh58QFQ=="
  "resolved" "https://registry.npmjs.org/is-promise/-/is-promise-2.2.2.tgz"
  "version" "2.2.2"

"jsonpath-plus@~5.0.2":
  "integrity" "sha512-7TS6wsiw1s2UMK/A6nA4n0aUJuirCVhJ87nWX5je5MPOl0z5VTr2qs7nMP8NZ2ed3rlt6kePTqddgVPE9F0i0w=="
  "resolved" "https://registry.npmjs.org/jsonpath-plus/-/jsonpath-plus-5.0.7.tgz"
  "version" "5.0.7"

"keypress@~0.2.1":
  "integrity" "sha1-HoBFQlABjbrUw/6USX1uZ7YmnHc="
  "resolved" "https://registry.npmjs.org/keypress/-/keypress-0.2.1.tgz"
  "version" "0.2.1"

"libsodium-wrappers@^0.7.9":
  "integrity" "sha512-9HaAeBGk1nKTRFRHkt7nzxqCvnkWTjn1pdjKgcUnZxj0FyOP4CnhgFhMdrFfgNsukijBGyBLpP2m2uKT1vuWhQ=="
  "resolved" "https://registry.npmjs.org/libsodium-wrappers/-/libsodium-wrappers-0.7.9.tgz"
  "version" "0.7.9"
  dependencies:
    "libsodium" "^0.7.0"

"libsodium@^0.7.0":
  "integrity" "sha512-gfeADtR4D/CM0oRUviKBViMGXZDgnFdMKMzHsvBdqLBHd9ySi6EtYnmuhHVDDYgYpAO8eU8hEY+F8vIUAPh08A=="
  "resolved" "https://registry.npmjs.org/libsodium/-/libsodium-0.7.9.tgz"
  "version" "0.7.9"

"lodash.isequal@^4.5.0":
  "integrity" "sha1-QVxEePK8wwEgwizhDtMib30+GOA="
  "resolved" "https://registry.npmjs.org/lodash.isequal/-/lodash.isequal-4.5.0.tgz"
  "version" "4.5.0"

"lru-queue@^0.1.0":
  "integrity" "sha1-Jzi9nw089PhEkMVzbEhpmsYyzaM="
  "resolved" "https://registry.npmjs.org/lru-queue/-/lru-queue-0.1.0.tgz"
  "version" "0.1.0"
  dependencies:
    "es5-ext" "~0.10.2"

"m3u8stream@^0.8.4":
  "integrity" "sha512-sco80Db+30RvcaIOndenX6E6oQNgTiBKeJbFPc+yDXwPQIkryfboEbCvXPlBRq3mQTCVPQO93TDVlfRwqpD35w=="
  "resolved" "https://registry.npmjs.org/m3u8stream/-/m3u8stream-0.8.4.tgz"
  "version" "0.8.4"
  dependencies:
    "miniget" "^4.0.0"
    "sax" "^1.2.4"

"memoizee@^0.4.3":
  "integrity" "sha512-UBWmJpLZd5STPm7PMUlOw/TSy972M+z8gcyQ5veOnSDRREz/0bmpyTfKt3/51DhEBqCZQn1udM/5flcSPYhkdQ=="
  "resolved" "https://registry.npmjs.org/memoizee/-/memoizee-0.4.15.tgz"
  "version" "0.4.15"
  dependencies:
    "d" "^1.0.1"
    "es5-ext" "^0.10.53"
    "es6-weak-map" "^2.0.3"
    "event-emitter" "^0.3.5"
    "is-promise" "^2.2.2"
    "lru-queue" "^0.1.0"
    "next-tick" "^1.1.0"
    "timers-ext" "^0.1.7"

"mime-db@1.51.0":
  "integrity" "sha512-5y8A56jg7XVQx2mbv1lu49NR4dokRnhZYTtL+KGfaa27uq4pSTXkwQkFJl4pkRMyNFz/EtYDSkiiEHx3F7UN6g=="
  "resolved" "https://registry.npmjs.org/mime-db/-/mime-db-1.51.0.tgz"
  "version" "1.51.0"

"mime-types@^2.1.12":
  "integrity" "sha512-6cP692WwGIs9XXdOO4++N+7qjqv0rqxxVvJ3VHPh/Sc9mVZcQP+ZGhkKiTvWMQRr2tbHkJP/Yn7Y0npb3ZBs4A=="
  "resolved" "https://registry.npmjs.org/mime-types/-/mime-types-2.1.34.tgz"
  "version" "2.1.34"
  dependencies:
    "mime-db" "1.51.0"

"miniget@^4.0.0":
  "integrity" "sha512-O/DduzDR6f+oDtVype9S/Qu5hhnx73EDYGyZKwU/qN82lehFZdfhoa4DT51SpsO+8epYrB3gcRmws56ROfTIoQ=="
  "resolved" "https://registry.npmjs.org/miniget/-/miniget-4.2.1.tgz"
  "version" "4.2.1"

"minimatch@~3.0.4":
  "integrity" "sha512-yJHVQEhyqPLUTgt9B83PXu6W3rx4MvvHvSUvToogpwoGDOUQ+yDrR0HRot+yOCdCO7u4hX3pWft6kWBBcqh0UA=="
  "resolved" "https://registry.npmjs.org/minimatch/-/minimatch-3.0.4.tgz"
  "version" "3.0.4"
  dependencies:
    "brace-expansion" "^1.1.7"

"minimist@~1.2.0", "minimist@~1.2.5":
  "integrity" "sha512-FM9nNUYrRBAELZQT3xeZQ7fmMOBg6nWNmJKTcgsJeaLstP/UODVpGsr5OhXhhXg6f+qtJ8uiZ+PUxkDWcgIXLw=="
  "resolved" "https://registry.npmjs.org/minimist/-/minimist-1.2.5.tgz"
  "version" "1.2.5"

"next-tick@^1.1.0":
  "integrity" "sha512-CXdUiJembsNjuToQvxayPZF9Vqht7hewsvy2sOWafLvi2awflj9mOC6bHIg50orX8IJvWKY9wYQ/zB2kogPslQ=="
  "resolved" "https://registry.npmjs.org/next-tick/-/next-tick-1.1.0.tgz"
  "version" "1.1.0"

"next-tick@~1.0.0", "next-tick@1":
  "integrity" "sha1-yobR/ogoFpsBICCOPchCS524NCw="
  "resolved" "https://registry.npmjs.org/next-tick/-/next-tick-1.0.0.tgz"
  "version" "1.0.0"

"node-fetch@^2.6.1":
  "integrity" "sha512-Z8/6vRlTUChSdIgMa51jxQ4lrw/Jy5SOW10ObaA47/RElsAN2c5Pn8bTgFGWn/ibwzXTE8qwr1Yzx28vsecXEA=="
  "resolved" "https://registry.npmjs.org/node-fetch/-/node-fetch-2.6.6.tgz"
  "version" "2.6.6"
  dependencies:
    "whatwg-url" "^5.0.0"

"node-fzf@~0.5.1":
  "integrity" "sha512-crN8rRfApu/GUrtKq+zJ6LueUyNAOJpFHxoT2Ru1Q+OYRa/F/H7CXvzcMrFc7D964yakYZEZ9XR3YbdSHXgyCw=="
  "resolved" "https://registry.npmjs.org/node-fzf/-/node-fzf-0.5.3.tgz"
  "version" "0.5.3"
  dependencies:
    "cli-color" "~1.2.0"
    "keypress" "~0.2.1"
    "minimist" "~1.2.0"
    "redstar" "0.0.2"
    "string-width" "~2.1.1"
    "ttys" "0.0.3"

"nth-check@^2.0.1":
  "integrity" "sha512-it1vE95zF6dTT9lBsYbxvqh0Soy4SPowchj0UBGj/V6cTPnXXtQOPUbhZ6CmGzAD/rW22LQK6E96pcdJXk4A4w=="
  "resolved" "https://registry.npmjs.org/nth-check/-/nth-check-2.0.1.tgz"
  "version" "2.0.1"
  dependencies:
    "boolbase" "^1.0.0"

"ow@^0.27.0":
  "integrity" "sha512-SGnrGUbhn4VaUGdU0EJLMwZWSupPmF46hnTRII7aCLCrqixTAC5eKo8kI4/XXf1eaaI8YEVT+3FeGNJI9himAQ=="
  "resolved" "https://registry.npmjs.org/ow/-/ow-0.27.0.tgz"
  "version" "0.27.0"
  dependencies:
    "@sindresorhus/is" "^4.0.1"
    "callsites" "^3.1.0"
    "dot-prop" "^6.0.1"
    "lodash.isequal" "^4.5.0"
    "type-fest" "^1.2.1"
    "vali-date" "^1.0.0"

"parse5-htmlparser2-tree-adapter@^6.0.1":
  "integrity" "sha512-qPuWvbLgvDGilKc5BoicRovlT4MtYT6JfJyBOMDsKoiT+GiuP5qyrPCnR9HcPECIJJmZh5jRndyNThnhhb/vlA=="
  "resolved" "https://registry.npmjs.org/parse5-htmlparser2-tree-adapter/-/parse5-htmlparser2-tree-adapter-6.0.1.tgz"
  "version" "6.0.1"
  dependencies:
    "parse5" "^6.0.1"

"parse5@^6.0.1":
  "integrity" "sha512-Ofn/CTFzRGTTxwpNEs9PP93gXShHcTq255nzRYSKe8AkVpZY7e1fpmTfOyoIvjP5HG7Z2ZM7VS9PPhQGW2pOpw=="
  "resolved" "https://registry.npmjs.org/parse5/-/parse5-6.0.1.tgz"
  "version" "6.0.1"

"prism-media@^1.3.2":
  "integrity" "sha512-L6UsGHcT6i4wrQhFF1aPK+MNYgjRqR2tUoIqEY+CG1NqVkMjPRKzS37j9f8GiYPlD6wG9ruBj+q5Ax+bH8Ik1g=="
  "resolved" "https://registry.npmjs.org/prism-media/-/prism-media-1.3.2.tgz"
  "version" "1.3.2"

"redstar@0.0.2":
  "integrity" "sha1-nVammAY4yYUaEAsMs799PrkCBcs="
  "resolved" "https://registry.npmjs.org/redstar/-/redstar-0.0.2.tgz"
  "version" "0.0.2"
  dependencies:
    "minimatch" "~3.0.4"

"sax@^1.1.3", "sax@^1.2.4":
  "integrity" "sha512-NqVDv9TpANUjFm0N8uM5GxL36UgKi9/atZw+x7YFnQ8ckwFGKrl4xX4yWtrey3UJm5nP1kUbnYgLopqWNSRhWw=="
  "resolved" "https://registry.npmjs.org/sax/-/sax-1.2.4.tgz"
  "version" "1.2.4"

"string-width@~2.1.1":
  "integrity" "sha512-nOqH59deCq9SRHlxq1Aw85Jnt4w6KvLKqWVik6oA9ZklXLNIOlqg4F2yrT1MVaTjAqvVwdfeZ7w7aCvJD7ugkw=="
  "resolved" "https://registry.npmjs.org/string-width/-/string-width-2.1.1.tgz"
  "version" "2.1.1"
  dependencies:
    "is-fullwidth-code-point" "^2.0.0"
    "strip-ansi" "^4.0.0"

"strip-ansi@^4.0.0":
  "integrity" "sha1-qEeQIusaw2iocTibY1JixQXuNo8="
  "resolved" "https://registry.npmjs.org/strip-ansi/-/strip-ansi-4.0.0.tgz"
  "version" "4.0.0"
  dependencies:
    "ansi-regex" "^3.0.0"

"timers-ext@^0.1.7", "timers-ext@0.1":
  "integrity" "sha512-b85NUNzTSdodShTIbky6ZF02e8STtVVfD+fu4aXXShEELpozH+bCpJLYMPZbsABN2wDH7fJpqIoXxJpzbf0NqQ=="
  "resolved" "https://registry.npmjs.org/timers-ext/-/timers-ext-0.1.7.tgz"
  "version" "0.1.7"
  dependencies:
    "es5-ext" "~0.10.46"
    "next-tick" "1"

"tiny-typed-emitter@^2.1.0":
  "integrity" "sha512-qVtvMxeXbVej0cQWKqVSSAHmKZEHAvxdF8HEUBFWts8h+xEo5m/lEiPakuyZ3BnCBjOD8i24kzNOiOLLgsSxhA=="
  "resolved" "https://registry.npmjs.org/tiny-typed-emitter/-/tiny-typed-emitter-2.1.0.tgz"
  "version" "2.1.0"

"tr46@~0.0.3":
  "integrity" "sha1-gYT9NH2snNwYWZLzpmIuFLnZq2o="
  "resolved" "https://registry.npmjs.org/tr46/-/tr46-0.0.3.tgz"
  "version" "0.0.3"

"ts-mixer@^6.0.0":
  "integrity" "sha512-nXIb1fvdY5CBSrDIblLn73NW0qRDk5yJ0Sk1qPBF560OdJfQp9jhl+0tzcY09OZ9U+6GpeoI9RjwoIKFIoB9MQ=="
  "resolved" "https://registry.npmjs.org/ts-mixer/-/ts-mixer-6.0.0.tgz"
  "version" "6.0.0"

"tslib@^2.2.0", "tslib@^2.3.1":
  "integrity" "sha512-77EbyPPpMz+FRFRuAFlWMtmgUWGe9UOG2Z25NqCwiIjRhOf5iKGuzSe5P2w1laq+FkRy4p+PCuVkJSGkzTEKVw=="
  "resolved" "https://registry.npmjs.org/tslib/-/tslib-2.3.1.tgz"
  "version" "2.3.1"

"ttys@0.0.3":
  "integrity" "sha1-FbrN54MQIN5fLyjwGxcy7wNlH00="
  "resolved" "https://registry.npmjs.org/ttys/-/ttys-0.0.3.tgz"
  "version" "0.0.3"

"tweetnacl@^1.0.3":
  "integrity" "sha512-6rt+RN7aOi1nGMyC4Xa5DdYiukl2UWCbcJft7YhxReBGQD7OAM8Pbxw6YMo4r2diNEA8FEmu32YOn9rhaiE5yw=="
  "resolved" "https://registry.npmjs.org/tweetnacl/-/tweetnacl-1.0.3.tgz"
  "version" "1.0.3"

"type-fest@^1.2.1":
  "integrity" "sha512-yGSza74xk0UG8k+pLh5oeoYirvIiWo5t0/o3zHHAO2tRDiZcxWP7fywNlXhqb6/r6sWvwi+RsyQMWhVLe4BVuA=="
  "resolved" "https://registry.npmjs.org/type-fest/-/type-fest-1.4.0.tgz"
  "version" "1.4.0"

"type@^1.0.1":
  "integrity" "sha512-+5nt5AAniqsCnu2cEQQdpzCAh33kVx8n0VoFidKpB1dVVLAN/F+bgVOqOJqOnEnrhp222clB5p3vUlD+1QAnfg=="
  "resolved" "https://registry.npmjs.org/type/-/type-1.2.0.tgz"
  "version" "1.2.0"

"type@^2.5.0":
  "integrity" "sha512-180WMDQaIMm3+7hGXWf12GtdniDEy7nYcyFMKJn/eZz/6tSLXrUN9V0wKSbMjej0I1WHWbpREDEKHtqPQa9NNw=="
  "resolved" "https://registry.npmjs.org/type/-/type-2.5.0.tgz"
  "version" "2.5.0"

"vali-date@^1.0.0":
  "integrity" "sha1-G5BKWWCfsyjvB4E4Qgk09rhnCaY="
  "resolved" "https://registry.npmjs.org/vali-date/-/vali-date-1.0.0.tgz"
  "version" "1.0.0"

"webidl-conversions@^3.0.0":
  "integrity" "sha1-JFNCdeKnvGvnvIZhHMFq4KVlSHE="
  "resolved" "https://registry.npmjs.org/webidl-conversions/-/webidl-conversions-3.0.1.tgz"
  "version" "3.0.1"

"whatwg-url@^5.0.0":
  "integrity" "sha1-lmRU6HZUYuN2RNNib2dCzotwll0="
  "resolved" "https://registry.npmjs.org/whatwg-url/-/whatwg-url-5.0.0.tgz"
  "version" "5.0.0"
  dependencies:
    "tr46" "~0.0.3"
    "webidl-conversions" "^3.0.0"

"when@>= 0.0.1":
  "integrity" "sha1-xxMLan6gRpPoQs3J56Hyqjmjn4I="
  "resolved" "https://registry.npmjs.org/when/-/when-3.7.8.tgz"
  "version" "3.7.8"

"ws@^8.2.3":
  "integrity" "sha512-Gs5EZtpqZzLvmIM59w4igITU57lrtYVFneaa434VROv4thzJyV6UjIL3D42lslWlI+D4KzLYnxSwtfuiO79sNw=="
  "resolved" "https://registry.npmjs.org/ws/-/ws-8.3.0.tgz"
  "version" "8.3.0"

"yt-search@^2.10.2":
  "integrity" "sha512-cwg8yK3pVuwczfoADOqhVHj5i/Qv8xb7/wYh3gwvfGiHsxpgDtMKKuBWyOenrXwwC7A/nj3YQYsfDlZ2/rk83w=="
  "resolved" "https://registry.npmjs.org/yt-search/-/yt-search-2.10.2.tgz"
  "version" "2.10.2"
  dependencies:
    "async.parallellimit" "~0.5.2"
    "boolstring" "~1.0.2"
    "cheerio" "^1.0.0-rc.10"
    "dasu" "~0.4.2"
    "human-time" "0.0.2"
    "jsonpath-plus" "~5.0.2"
    "minimist" "~1.2.5"
    "node-fzf" "~0.5.1"

"ytdl-core@^4.9.2":
  "integrity" "sha512-aTlsvsN++03MuOtyVD4DRF9Z/9UAeeuiNbjs+LjQBAiw4Hrdp48T3U9vAmRPyvREzupraY8pqRoBfKGqpq+eHA=="
  "resolved" "https://registry.npmjs.org/ytdl-core/-/ytdl-core-4.9.2.tgz"
  "version" "4.9.2"
  dependencies:
    "m3u8stream" "^0.8.4"
    "miniget" "^4.0.0"
    "sax" "^1.1.3"
